
Microsoft Visual Studio Solution File, Format Version 12.00
# Visual Studio Version 17
VisualStudioVersion = 17.5.33424.131
MinimumVisualStudioVersion = 10.0.40219.1
Project("{8BC9CEB8-8B4A-11D0-8D11-00A0C91BC942}") = "FILE", "FILE\FILE.vcxproj", "{EFD3DA63-AAE9-4E46-8CA1-85E13AD9F409}"
EndProject
Global
	GlobalSection(SolutionConfigurationPlatforms) = preSolution
		Debug|x64 = Debug|x64
		Debug|x86 = Debug|x86
		Release|x64 = Release|x64
		Release|x86 = Release|x86
	EndGlobalSection
	GlobalSection(ProjectConfigurationPlatforms) = postSolution
		{EFD3DA63-AAE9-4E46-8CA1-85E13AD9F409}.Debug|x64.ActiveCfg = Debug|x64
		{EFD3DA63-AAE9-4E46-8CA1-85E13AD9F409}.Debug|x64.Build.0 = Debug|x64
		{EFD3DA63-AAE9-4E46-8CA1-85E13AD9F409}.Debug|x86.ActiveCfg = Debug|Win32
		{EFD3DA63-AAE9-4E46-8CA1-85E13AD9F409}.Debug|x86.Build.0 = Debug|Win32
		{EFD3DA63-AAE9-4E46-8CA1-85E13AD9F409}.Release|x64.ActiveCfg = Release|x64
		{EFD3DA63-AAE9-4E46-8CA1-85E13AD9F409}.Release|x64.Build.0 = Release|x64
		{EFD3DA63-AAE9-4E46-8CA1-85E13AD9F409}.Release|x86.ActiveCfg = Release|Win32
		{EFD3DA63-AAE9-4E46-8CA1-85E13AD9F409}.Release|x86.Build.0 = Release|Win32
	EndGlobalSection
	GlobalSection(SolutionProperties) = preSolution
		HideSolutionNode = FALSE
	EndGlobalSection
	GlobalSection(ExtensibilityGlobals) = postSolution
		SolutionGuid = {51DA02A2-7E40-46A0-8C83-59E299CB33B0}
	EndGlobalSection
EndGlobal
